// !$*UTF8*$!
{
	archiveVersion = 1;
	classes = {
	};
	objectVersion = 55;
	objects = {

/* Begin PBXBuildFile section */
		1C6CE99527E54376007556EC /* KeyboardViewController.swift in Sources */ = {isa = PBXBuildFile; fileRef = 1C6CE99427E54376007556EC /* KeyboardViewController.swift */; };
		1C6CE99927E54376007556EC /* OpenUp Keyboard.appex in Embed App Extensions */ = {isa = PBXBuildFile; fileRef = 1C6CE99227E54376007556EC /* OpenUp Keyboard.appex */; settings = {ATTRIBUTES = (RemoveHeadersOnCopy, ); }; };
		C001DBCE27DEB52200B3E2C6 /* WebView.swift in Sources */ = {isa = PBXBuildFile; fileRef = C001DBCD27DEB52200B3E2C6 /* WebView.swift */; };
		C0ADD70727D543A400F1B417 /* OpenUpSwiftUiApp.swift in Sources */ = {isa = PBXBuildFile; fileRef = C0ADD6DF27D543A400F1B417 /* OpenUpSwiftUiApp.swift */; };
		C0ADD70827D543A400F1B417 /* OpenUpSwiftUiApp.swift in Sources */ = {isa = PBXBuildFile; fileRef = C0ADD6DF27D543A400F1B417 /* OpenUpSwiftUiApp.swift */; };
		C0ADD70927D543A400F1B417 /* ContentView.swift in Sources */ = {isa = PBXBuildFile; fileRef = C0ADD6E027D543A400F1B417 /* ContentView.swift */; };
		C0AF43CB27DA60D7007392C2 /* HomeView.swift in Sources */ = {isa = PBXBuildFile; fileRef = C0AF43CA27DA60D7007392C2 /* HomeView.swift */; };
		C0AF43CD27DA6120007392C2 /* AboutView.swift in Sources */ = {isa = PBXBuildFile; fileRef = C0AF43CC27DA6120007392C2 /* AboutView.swift */; };
		C0AF43CF27DA615C007392C2 /* LikedView.swift in Sources */ = {isa = PBXBuildFile; fileRef = C0AF43CE27DA615C007392C2 /* LikedView.swift */; };
		C0CD60B327DFDC950065CC45 /* Assets.xcassets in Resources */ = {isa = PBXBuildFile; fileRef = C0CD60B227DFDC950065CC45 /* Assets.xcassets */; };
/* End PBXBuildFile section */

/* Begin PBXContainerItemProxy section */
		1C6CE99727E54376007556EC /* PBXContainerItemProxy */ = {
			isa = PBXContainerItemProxy;
			containerPortal = C0ADD6DA27D543A400F1B417 /* Project object */;
			proxyType = 1;
			remoteGlobalIDString = 1C6CE99127E54376007556EC;
			remoteInfo = "OpenUp Keyboard";
		};
		C0ADD6F427D543A400F1B417 /* PBXContainerItemProxy */ = {
			isa = PBXContainerItemProxy;
			containerPortal = C0ADD6DA27D543A400F1B417 /* Project object */;
			proxyType = 1;
			remoteGlobalIDString = C0ADD6E527D543A400F1B417;
			remoteInfo = "OpenUpSwiftUi (iOS)";
		};
		C0ADD70027D543A400F1B417 /* PBXContainerItemProxy */ = {
			isa = PBXContainerItemProxy;
			containerPortal = C0ADD6DA27D543A400F1B417 /* Project object */;
			proxyType = 1;
			remoteGlobalIDString = C0ADD6EB27D543A400F1B417;
			remoteInfo = "OpenUpSwiftUi (macOS)";
		};
/* End PBXContainerItemProxy section */

/* Begin PBXCopyFilesBuildPhase section */
		1C6CE99A27E54376007556EC /* Embed App Extensions */ = {
			isa = PBXCopyFilesBuildPhase;
			buildActionMask = 2147483647;
			dstPath = "";
			dstSubfolderSpec = 13;
			files = (
				1C6CE99927E54376007556EC /* OpenUp Keyboard.appex in Embed App Extensions */,
			);
			name = "Embed App Extensions";
			runOnlyForDeploymentPostprocessing = 0;
		};
/* End PBXCopyFilesBuildPhase section */

/* Begin PBXFileReference section */
		1C6CE99227E54376007556EC /* OpenUp Keyboard.appex */ = {isa = PBXFileReference; explicitFileType = "wrapper.app-extension"; includeInIndex = 0; path = "OpenUp Keyboard.appex"; sourceTree = BUILT_PRODUCTS_DIR; };
		1C6CE99427E54376007556EC /* KeyboardViewController.swift */ = {isa = PBXFileReference; lastKnownFileType = sourcecode.swift; path = KeyboardViewController.swift; sourceTree = "<group>"; };
		1C6CE99627E54376007556EC /* Info.plist */ = {isa = PBXFileReference; lastKnownFileType = text.plist.xml; path = Info.plist; sourceTree = "<group>"; };
		C001DBCD27DEB52200B3E2C6 /* WebView.swift */ = {isa = PBXFileReference; lastKnownFileType = sourcecode.swift; path = WebView.swift; sourceTree = "<group>"; };
		C0ADD6DF27D543A400F1B417 /* OpenUpSwiftUiApp.swift */ = {isa = PBXFileReference; lastKnownFileType = sourcecode.swift; path = OpenUpSwiftUiApp.swift; sourceTree = "<group>"; };
		C0ADD6E027D543A400F1B417 /* ContentView.swift */ = {isa = PBXFileReference; lastKnownFileType = sourcecode.swift; path = ContentView.swift; sourceTree = "<group>"; };
		C0ADD6E627D543A400F1B417 /* OpenUpSwiftUi.app */ = {isa = PBXFileReference; explicitFileType = wrapper.application; includeInIndex = 0; path = OpenUpSwiftUi.app; sourceTree = BUILT_PRODUCTS_DIR; };
		C0ADD6EC27D543A400F1B417 /* OpenUpSwiftUi.app */ = {isa = PBXFileReference; explicitFileType = wrapper.application; includeInIndex = 0; path = OpenUpSwiftUi.app; sourceTree = BUILT_PRODUCTS_DIR; };
		C0ADD6F327D543A400F1B417 /* Tests iOS.xctest */ = {isa = PBXFileReference; explicitFileType = wrapper.cfbundle; includeInIndex = 0; path = "Tests iOS.xctest"; sourceTree = BUILT_PRODUCTS_DIR; };
		C0ADD6FF27D543A400F1B417 /* Tests macOS.xctest */ = {isa = PBXFileReference; explicitFileType = wrapper.cfbundle; includeInIndex = 0; path = "Tests macOS.xctest"; sourceTree = BUILT_PRODUCTS_DIR; };
		C0AF43CA27DA60D7007392C2 /* HomeView.swift */ = {isa = PBXFileReference; lastKnownFileType = sourcecode.swift; path = HomeView.swift; sourceTree = "<group>"; };
		C0AF43CC27DA6120007392C2 /* AboutView.swift */ = {isa = PBXFileReference; lastKnownFileType = sourcecode.swift; path = AboutView.swift; sourceTree = "<group>"; };
		C0AF43CE27DA615C007392C2 /* LikedView.swift */ = {isa = PBXFileReference; lastKnownFileType = sourcecode.swift; path = LikedView.swift; sourceTree = "<group>"; };
		C0CD60B227DFDC950065CC45 /* Assets.xcassets */ = {isa = PBXFileReference; lastKnownFileType = folder.assetcatalog; path = Assets.xcassets; sourceTree = "<group>"; };
/* End PBXFileReference section */

/* Begin PBXFrameworksBuildPhase section */
		1C6CE98F27E54376007556EC /* Frameworks */ = {
			isa = PBXFrameworksBuildPhase;
			buildActionMask = 2147483647;
			files = (
			);
			runOnlyForDeploymentPostprocessing = 0;
		};
		C0ADD6E327D543A400F1B417 /* Frameworks */ = {
			isa = PBXFrameworksBuildPhase;
			buildActionMask = 2147483647;
			files = (
			);
			runOnlyForDeploymentPostprocessing = 0;
		};
		C0ADD6E927D543A400F1B417 /* Frameworks */ = {
			isa = PBXFrameworksBuildPhase;
			buildActionMask = 2147483647;
			files = (
			);
			runOnlyForDeploymentPostprocessing = 0;
		};
		C0ADD6F027D543A400F1B417 /* Frameworks */ = {
			isa = PBXFrameworksBuildPhase;
			buildActionMask = 2147483647;
			files = (
			);
			runOnlyForDeploymentPostprocessing = 0;
		};
		C0ADD6FC27D543A400F1B417 /* Frameworks */ = {
			isa = PBXFrameworksBuildPhase;
			buildActionMask = 2147483647;
			files = (
			);
			runOnlyForDeploymentPostprocessing = 0;
		};
/* End PBXFrameworksBuildPhase section */

/* Begin PBXGroup section */
		1C6CE99327E54376007556EC /* OpenUp Keyboard */ = {
			isa = PBXGroup;
			children = (
				1C6CE99427E54376007556EC /* KeyboardViewController.swift */,
				1C6CE99627E54376007556EC /* Info.plist */,
			);
			path = "OpenUp Keyboard";
			sourceTree = "<group>";
		};
		C0ADD6D927D543A400F1B417 = {
			isa = PBXGroup;
			children = (
				C0CA839A27D6898800CF8D78 /* Views */,
				C0ADD6DE27D543A400F1B417 /* Shared */,
				1C6CE99327E54376007556EC /* OpenUp Keyboard */,
				C0ADD6E727D543A400F1B417 /* Products */,
			);
			sourceTree = "<group>";
		};
		C0ADD6DE27D543A400F1B417 /* Shared */ = {
			isa = PBXGroup;
			children = (
				C0ADD6DF27D543A400F1B417 /* OpenUpSwiftUiApp.swift */,
				C0CD60B227DFDC950065CC45 /* Assets.xcassets */,
			);
			path = Shared;
			sourceTree = "<group>";
		};
		C0ADD6E727D543A400F1B417 /* Products */ = {
			isa = PBXGroup;
			children = (
				C0ADD6E627D543A400F1B417 /* OpenUpSwiftUi.app */,
				C0ADD6EC27D543A400F1B417 /* OpenUpSwiftUi.app */,
				C0ADD6F327D543A400F1B417 /* Tests iOS.xctest */,
				C0ADD6FF27D543A400F1B417 /* Tests macOS.xctest */,
				1C6CE99227E54376007556EC /* OpenUp Keyboard.appex */,
			);
			name = Products;
			sourceTree = "<group>";
		};
		C0CA839A27D6898800CF8D78 /* Views */ = {
			isa = PBXGroup;
			children = (
				C0ADD6E027D543A400F1B417 /* ContentView.swift */,
				C0AF43CA27DA60D7007392C2 /* HomeView.swift */,
				C0AF43CC27DA6120007392C2 /* AboutView.swift */,
				C001DBCD27DEB52200B3E2C6 /* WebView.swift */,
				C0AF43CE27DA615C007392C2 /* LikedView.swift */,
			);
			path = Views;
			sourceTree = "<group>";
		};
/* End PBXGroup section */

/* Begin PBXNativeTarget section */
		1C6CE99127E54376007556EC /* OpenUp Keyboard */ = {
			isa = PBXNativeTarget;
			buildConfigurationList = 1C6CE99D27E54376007556EC /* Build configuration list for PBXNativeTarget "OpenUp Keyboard" */;
			buildPhases = (
				1C6CE98E27E54376007556EC /* Sources */,
				1C6CE98F27E54376007556EC /* Frameworks */,
				1C6CE99027E54376007556EC /* Resources */,
			);
			buildRules = (
			);
			dependencies = (
			);
			name = "OpenUp Keyboard";
			productName = "OpenUp Keyboard";
			productReference = 1C6CE99227E54376007556EC /* OpenUp Keyboard.appex */;
			productType = "com.apple.product-type.app-extension";
		};
		C0ADD6E527D543A400F1B417 /* OpenUpSwiftUi (iOS) */ = {
			isa = PBXNativeTarget;
			buildConfigurationList = C0ADD70F27D543A400F1B417 /* Build configuration list for PBXNativeTarget "OpenUpSwiftUi (iOS)" */;
			buildPhases = (
				C0ADD6E227D543A400F1B417 /* Sources */,
				C0ADD6E327D543A400F1B417 /* Frameworks */,
				C0ADD6E427D543A400F1B417 /* Resources */,
				1C6CE99A27E54376007556EC /* Embed App Extensions */,
			);
			buildRules = (
			);
			dependencies = (
				1C6CE99827E54376007556EC /* PBXTargetDependency */,
			);
			name = "OpenUpSwiftUi (iOS)";
			packageProductDependencies = (
			);
			productName = "OpenUpSwiftUi (iOS)";
			productReference = C0ADD6E627D543A400F1B417 /* OpenUpSwiftUi.app */;
			productType = "com.apple.product-type.application";
		};
		C0ADD6EB27D543A400F1B417 /* OpenUpSwiftUi (macOS) */ = {
			isa = PBXNativeTarget;
			buildConfigurationList = C0ADD71227D543A400F1B417 /* Build configuration list for PBXNativeTarget "OpenUpSwiftUi (macOS)" */;
			buildPhases = (
				C0ADD6E827D543A400F1B417 /* Sources */,
				C0ADD6E927D543A400F1B417 /* Frameworks */,
				C0ADD6EA27D543A400F1B417 /* Resources */,
			);
			buildRules = (
			);
			dependencies = (
			);
			name = "OpenUpSwiftUi (macOS)";
			productName = "OpenUpSwiftUi (macOS)";
			productReference = C0ADD6EC27D543A400F1B417 /* OpenUpSwiftUi.app */;
			productType = "com.apple.product-type.application";
		};
		C0ADD6F227D543A400F1B417 /* Tests iOS */ = {
			isa = PBXNativeTarget;
			buildConfigurationList = C0ADD71527D543A400F1B417 /* Build configuration list for PBXNativeTarget "Tests iOS" */;
			buildPhases = (
				C0ADD6EF27D543A400F1B417 /* Sources */,
				C0ADD6F027D543A400F1B417 /* Frameworks */,
				C0ADD6F127D543A400F1B417 /* Resources */,
			);
			buildRules = (
			);
			dependencies = (
				C0ADD6F527D543A400F1B417 /* PBXTargetDependency */,
			);
			name = "Tests iOS";
			productName = "Tests iOS";
			productReference = C0ADD6F327D543A400F1B417 /* Tests iOS.xctest */;
			productType = "com.apple.product-type.bundle.ui-testing";
		};
		C0ADD6FE27D543A400F1B417 /* Tests macOS */ = {
			isa = PBXNativeTarget;
			buildConfigurationList = C0ADD71827D543A400F1B417 /* Build configuration list for PBXNativeTarget "Tests macOS" */;
			buildPhases = (
				C0ADD6FB27D543A400F1B417 /* Sources */,
				C0ADD6FC27D543A400F1B417 /* Frameworks */,
				C0ADD6FD27D543A400F1B417 /* Resources */,
			);
			buildRules = (
			);
			dependencies = (
				C0ADD70127D543A400F1B417 /* PBXTargetDependency */,
			);
			name = "Tests macOS";
			productName = "Tests macOS";
			productReference = C0ADD6FF27D543A400F1B417 /* Tests macOS.xctest */;
			productType = "com.apple.product-type.bundle.ui-testing";
		};
/* End PBXNativeTarget section */

/* Begin PBXProject section */
		C0ADD6DA27D543A400F1B417 /* Project object */ = {
			isa = PBXProject;
			attributes = {
				BuildIndependentTargetsInParallel = 1;
				LastSwiftUpdateCheck = 1320;
				LastUpgradeCheck = 1320;
				TargetAttributes = {
					1C6CE99127E54376007556EC = {
						CreatedOnToolsVersion = 13.2.1;
					};
					C0ADD6E527D543A400F1B417 = {
						CreatedOnToolsVersion = 13.2.1;
					};
					C0ADD6EB27D543A400F1B417 = {
						CreatedOnToolsVersion = 13.2.1;
					};
					C0ADD6F227D543A400F1B417 = {
						CreatedOnToolsVersion = 13.2.1;
						TestTargetID = C0ADD6E527D543A400F1B417;
					};
					C0ADD6FE27D543A400F1B417 = {
						CreatedOnToolsVersion = 13.2.1;
						TestTargetID = C0ADD6EB27D543A400F1B417;
					};
				};
			};
			buildConfigurationList = C0ADD6DD27D543A400F1B417 /* Build configuration list for PBXProject "OpenUpSwiftUi" */;
			compatibilityVersion = "Xcode 13.0";
			developmentRegion = en;
			hasScannedForEncodings = 0;
			knownRegions = (
				en,
				Base,
			);
			mainGroup = C0ADD6D927D543A400F1B417;
			packageReferences = (
				C0ADD72327D56F8500F1B417 /* XCRemoteSwiftPackageReference "lottie-ios" */,
			);
			productRefGroup = C0ADD6E727D543A400F1B417 /* Products */;
			projectDirPath = "";
			projectRoot = "";
			targets = (
				C0ADD6E527D543A400F1B417 /* OpenUpSwiftUi (iOS) */,
				C0ADD6EB27D543A400F1B417 /* OpenUpSwiftUi (macOS) */,
				C0ADD6F227D543A400F1B417 /* Tests iOS */,
				C0ADD6FE27D543A400F1B417 /* Tests macOS */,
				1C6CE99127E54376007556EC /* OpenUp Keyboard */,
			);
		};
/* End PBXProject section */

/* Begin PBXResourcesBuildPhase section */
		1C6CE99027E54376007556EC /* Resources */ = {
			isa = PBXResourcesBuildPhase;
			buildActionMask = 2147483647;
			files = (
			);
			runOnlyForDeploymentPostprocessing = 0;
		};
		C0ADD6E427D543A400F1B417 /* Resources */ = {
			isa = PBXResourcesBuildPhase;
			buildActionMask = 2147483647;
			files = (
				C0CD60B327DFDC950065CC45 /* Assets.xcassets in Resources */,
			);
			runOnlyForDeploymentPostprocessing = 0;
		};
		C0ADD6EA27D543A400F1B417 /* Resources */ = {
			isa = PBXResourcesBuildPhase;
			buildActionMask = 2147483647;
			files = (
			);
			runOnlyForDeploymentPostprocessing = 0;
		};
		C0ADD6F127D543A400F1B417 /* Resources */ = {
			isa = PBXResourcesBuildPhase;
			buildActionMask = 2147483647;
			files = (
			);
			runOnlyForDeploymentPostprocessing = 0;
		};
		C0ADD6FD27D543A400F1B417 /* Resources */ = {
			isa = PBXResourcesBuildPhase;
			buildActionMask = 2147483647;
			files = (
			);
			runOnlyForDeploymentPostprocessing = 0;
		};
/* End PBXResourcesBuildPhase section */

/* Begin PBXSourcesBuildPhase section */
		1C6CE98E27E54376007556EC /* Sources */ = {
			isa = PBXSourcesBuildPhase;
			buildActionMask = 2147483647;
			files = (
				1C6CE99527E54376007556EC /* KeyboardViewController.swift in Sources */,
			);
			runOnlyForDeploymentPostprocessing = 0;
		};
		C0ADD6E227D543A400F1B417 /* Sources */ = {
			isa = PBXSourcesBuildPhase;
			buildActionMask = 2147483647;
			files = (
				C0AF43CD27DA6120007392C2 /* AboutView.swift in Sources */,
				C0AF43CB27DA60D7007392C2 /* HomeView.swift in Sources */,
				C0ADD70927D543A400F1B417 /* ContentView.swift in Sources */,
				C001DBCE27DEB52200B3E2C6 /* WebView.swift in Sources */,
				C0ADD70727D543A400F1B417 /* OpenUpSwiftUiApp.swift in Sources */,
				C0AF43CF27DA615C007392C2 /* LikedView.swift in Sources */,
			);
			runOnlyForDeploymentPostprocessing = 0;
		};
		C0ADD6E827D543A400F1B417 /* Sources */ = {
			isa = PBXSourcesBuildPhase;
			buildActionMask = 2147483647;
			files = (
				C0ADD70827D543A400F1B417 /* OpenUpSwiftUiApp.swift in Sources */,
			);
			runOnlyForDeploymentPostprocessing = 0;
		};
		C0ADD6EF27D543A400F1B417 /* Sources */ = {
			isa = PBXSourcesBuildPhase;
			buildActionMask = 2147483647;
			files = (
			);
			runOnlyForDeploymentPostprocessing = 0;
		};
		C0ADD6FB27D543A400F1B417 /* Sources */ = {
			isa = PBXSourcesBuildPhase;
			buildActionMask = 2147483647;
			files = (
			);
			runOnlyForDeploymentPostprocessing = 0;
		};
/* End PBXSourcesBuildPhase section */

/* Begin PBXTargetDependency section */
		1C6CE99827E54376007556EC /* PBXTargetDependency */ = {
			isa = PBXTargetDependency;
			target = 1C6CE99127E54376007556EC /* OpenUp Keyboard */;
			targetProxy = 1C6CE99727E54376007556EC /* PBXContainerItemProxy */;
		};
		C0ADD6F527D543A400F1B417 /* PBXTargetDependency */ = {
			isa = PBXTargetDependency;
			target = C0ADD6E527D543A400F1B417 /* OpenUpSwiftUi (iOS) */;
			targetProxy = C0ADD6F427D543A400F1B417 /* PBXContainerItemProxy */;
		};
		C0ADD70127D543A400F1B417 /* PBXTargetDependency */ = {
			isa = PBXTargetDependency;
			target = C0ADD6EB27D543A400F1B417 /* OpenUpSwiftUi (macOS) */;
			targetProxy = C0ADD70027D543A400F1B417 /* PBXContainerItemProxy */;
		};
/* End PBXTargetDependency section */

/* Begin XCBuildConfiguration section */
		1C6CE99B27E54376007556EC /* Debug */ = {
			isa = XCBuildConfiguration;
			buildSettings = {
				CODE_SIGN_STYLE = Automatic;
				CURRENT_PROJECT_VERSION = 1;
				DEVELOPMENT_TEAM = D8PT79X2ZG;
				GENERATE_INFOPLIST_FILE = YES;
				INFOPLIST_FILE = "OpenUp Keyboard/Info.plist";
				INFOPLIST_KEY_CFBundleDisplayName = "OpenUp Keyboard";
				INFOPLIST_KEY_NSHumanReadableCopyright = "";
				IPHONEOS_DEPLOYMENT_TARGET = 15.2;
				LD_RUNPATH_SEARCH_PATHS = (
					"$(inherited)",
					"@executable_path/Frameworks",
					"@executable_path/../../Frameworks",
				);
				MARKETING_VERSION = 1.0;
				PRODUCT_BUNDLE_IDENTIFIER = "redfine.OpenUpSwiftUi.OpenUp-Keyboard";
				PRODUCT_NAME = "$(TARGET_NAME)";
				SDKROOT = iphoneos;
				SKIP_INSTALL = YES;
				SWIFT_EMIT_LOC_STRINGS = YES;
				SWIFT_VERSION = 5.0;
				TARGETED_DEVICE_FAMILY = "1,2";
			};
			name = Debug;
		};
		1C6CE99C27E54376007556EC /* Release */ = {
			isa = XCBuildConfiguration;
			buildSettings = {
				CODE_SIGN_STYLE = Automatic;
				CURRENT_PROJECT_VERSION = 1;
				DEVELOPMENT_TEAM = D8PT79X2ZG;
				GENERATE_INFOPLIST_FILE = YES;
				INFOPLIST_FILE = "OpenUp Keyboard/Info.plist";
				INFOPLIST_KEY_CFBundleDisplayName = "OpenUp Keyboard";
				INFOPLIST_KEY_NSHumanReadableCopyright = "";
				IPHONEOS_DEPLOYMENT_TARGET = 15.2;
				LD_RUNPATH_SEARCH_PATHS = (
					"$(inherited)",
					"@executable_path/Frameworks",
					"@executable_path/../../Frameworks",
				);
				MARKETING_VERSION = 1.0;
				PRODUCT_BUNDLE_IDENTIFIER = "redfine.OpenUpSwiftUi.OpenUp-Keyboard";
				PRODUCT_NAME = "$(TARGET_NAME)";
				SDKROOT = iphoneos;
				SKIP_INSTALL = YES;
				SWIFT_EMIT_LOC_STRINGS = YES;
				SWIFT_VERSION = 5.0;
				TARGETED_DEVICE_FAMILY = "1,2";
				VALIDATE_PRODUCT = YES;
			};
			name = Release;
		};
		C0ADD70D27D543A400F1B417 /* Debug */ = {
			isa = XCBuildConfiguration;
			buildSettings = {
				ALWAYS_SEARCH_USER_PATHS = NO;
				CLANG_ANALYZER_NONNULL = YES;
				CLANG_ANALYZER_NUMBER_OBJECT_CONVERSION = YES_AGGRESSIVE;
				CLANG_CXX_LANGUAGE_STANDARD = "gnu++17";
				CLANG_CXX_LIBRARY = "libc++";
				CLANG_ENABLE_MODULES = YES;
				CLANG_ENABLE_OBJC_ARC = YES;
				CLANG_ENABLE_OBJC_WEAK = YES;
				CLANG_WARN_BLOCK_CAPTURE_AUTORELEASING = YES;
				CLANG_WARN_BOOL_CONVERSION = YES;
				CLANG_WARN_COMMA = YES;
				CLANG_WARN_CONSTANT_CONVERSION = YES;
				CLANG_WARN_DEPRECATED_OBJC_IMPLEMENTATIONS = YES;
				CLANG_WARN_DIRECT_OBJC_ISA_USAGE = YES_ERROR;
				CLANG_WARN_DOCUMENTATION_COMMENTS = YES;
				CLANG_WARN_EMPTY_BODY = YES;
				CLANG_WARN_ENUM_CONVERSION = YES;
				CLANG_WARN_INFINITE_RECURSION = YES;
				CLANG_WARN_INT_CONVERSION = YES;
				CLANG_WARN_NON_LITERAL_NULL_CONVERSION = YES;
				CLANG_WARN_OBJC_IMPLICIT_RETAIN_SELF = YES;
				CLANG_WARN_OBJC_LITERAL_CONVERSION = YES;
				CLANG_WARN_OBJC_ROOT_CLASS = YES_ERROR;
				CLANG_WARN_QUOTED_INCLUDE_IN_FRAMEWORK_HEADER = YES;
				CLANG_WARN_RANGE_LOOP_ANALYSIS = YES;
				CLANG_WARN_STRICT_PROTOTYPES = YES;
				CLANG_WARN_SUSPICIOUS_MOVE = YES;
				CLANG_WARN_UNGUARDED_AVAILABILITY = YES_AGGRESSIVE;
				CLANG_WARN_UNREACHABLE_CODE = YES;
				CLANG_WARN__DUPLICATE_METHOD_MATCH = YES;
				COPY_PHASE_STRIP = NO;
				DEBUG_INFORMATION_FORMAT = dwarf;
				ENABLE_STRICT_OBJC_MSGSEND = YES;
				ENABLE_TESTABILITY = YES;
				GCC_C_LANGUAGE_STANDARD = gnu11;
				GCC_DYNAMIC_NO_PIC = NO;
				GCC_NO_COMMON_BLOCKS = YES;
				GCC_OPTIMIZATION_LEVEL = 0;
				GCC_PREPROCESSOR_DEFINITIONS = (
					"DEBUG=1",
					"$(inherited)",
				);
				GCC_WARN_64_TO_32_BIT_CONVERSION = YES;
				GCC_WARN_ABOUT_RETURN_TYPE = YES_ERROR;
				GCC_WARN_UNDECLARED_SELECTOR = YES;
				GCC_WARN_UNINITIALIZED_AUTOS = YES_AGGRESSIVE;
				GCC_WARN_UNUSED_FUNCTION = YES;
				GCC_WARN_UNUSED_VARIABLE = YES;
				MTL_ENABLE_DEBUG_INFO = INCLUDE_SOURCE;
				MTL_FAST_MATH = YES;
				ONLY_ACTIVE_ARCH = YES;
				SWIFT_ACTIVE_COMPILATION_CONDITIONS = DEBUG;
				SWIFT_OPTIMIZATION_LEVEL = "-Onone";
			};
			name = Debug;
		};
		C0ADD70E27D543A400F1B417 /* Release */ = {
			isa = XCBuildConfiguration;
			buildSettings = {
				ALWAYS_SEARCH_USER_PATHS = NO;
				CLANG_ANALYZER_NONNULL = YES;
				CLANG_ANALYZER_NUMBER_OBJECT_CONVERSION = YES_AGGRESSIVE;
				CLANG_CXX_LANGUAGE_STANDARD = "gnu++17";
				CLANG_CXX_LIBRARY = "libc++";
				CLANG_ENABLE_MODULES = YES;
				CLANG_ENABLE_OBJC_ARC = YES;
				CLANG_ENABLE_OBJC_WEAK = YES;
				CLANG_WARN_BLOCK_CAPTURE_AUTORELEASING = YES;
				CLANG_WARN_BOOL_CONVERSION = YES;
				CLANG_WARN_COMMA = YES;
				CLANG_WARN_CONSTANT_CONVERSION = YES;
				CLANG_WARN_DEPRECATED_OBJC_IMPLEMENTATIONS = YES;
				CLANG_WARN_DIRECT_OBJC_ISA_USAGE = YES_ERROR;
				CLANG_WARN_DOCUMENTATION_COMMENTS = YES;
				CLANG_WARN_EMPTY_BODY = YES;
				CLANG_WARN_ENUM_CONVERSION = YES;
				CLANG_WARN_INFINITE_RECURSION = YES;
				CLANG_WARN_INT_CONVERSION = YES;
				CLANG_WARN_NON_LITERAL_NULL_CONVERSION = YES;
				CLANG_WARN_OBJC_IMPLICIT_RETAIN_SELF = YES;
				CLANG_WARN_OBJC_LITERAL_CONVERSION = YES;
				CLANG_WARN_OBJC_ROOT_CLASS = YES_ERROR;
				CLANG_WARN_QUOTED_INCLUDE_IN_FRAMEWORK_HEADER = YES;
				CLANG_WARN_RANGE_LOOP_ANALYSIS = YES;
				CLANG_WARN_STRICT_PROTOTYPES = YES;
				CLANG_WARN_SUSPICIOUS_MOVE = YES;
				CLANG_WARN_UNGUARDED_AVAILABILITY = YES_AGGRESSIVE;
				CLANG_WARN_UNREACHABLE_CODE = YES;
				CLANG_WARN__DUPLICATE_METHOD_MATCH = YES;
				COPY_PHASE_STRIP = NO;
				DEBUG_INFORMATION_FORMAT = "dwarf-with-dsym";
				ENABLE_NS_ASSERTIONS = NO;
				ENABLE_STRICT_OBJC_MSGSEND = YES;
				GCC_C_LANGUAGE_STANDARD = gnu11;
				GCC_NO_COMMON_BLOCKS = YES;
				GCC_WARN_64_TO_32_BIT_CONVERSION = YES;
				GCC_WARN_ABOUT_RETURN_TYPE = YES_ERROR;
				GCC_WARN_UNDECLARED_SELECTOR = YES;
				GCC_WARN_UNINITIALIZED_AUTOS = YES_AGGRESSIVE;
				GCC_WARN_UNUSED_FUNCTION = YES;
				GCC_WARN_UNUSED_VARIABLE = YES;
				MTL_ENABLE_DEBUG_INFO = NO;
				MTL_FAST_MATH = YES;
				SWIFT_COMPILATION_MODE = wholemodule;
				SWIFT_OPTIMIZATION_LEVEL = "-O";
			};
			name = Release;
		};
		C0ADD71027D543A400F1B417 /* Debug */ = {
			isa = XCBuildConfiguration;
			buildSettings = {
				ALWAYS_EMBED_SWIFT_STANDARD_LIBRARIES = YES;
				ASSETCATALOG_COMPILER_APPICON_NAME = AppIcon;
				ASSETCATALOG_COMPILER_GLOBAL_ACCENT_COLOR_NAME = AccentColor;
				CODE_SIGN_STYLE = Automatic;
				CURRENT_PROJECT_VERSION = 1;
				DEVELOPMENT_TEAM = D8PT79X2ZG;
				ENABLE_PREVIEWS = YES;
				GENERATE_INFOPLIST_FILE = YES;
				INFOPLIST_KEY_UIApplicationSceneManifest_Generation = YES;
				INFOPLIST_KEY_UIApplicationSupportsIndirectInputEvents = YES;
				INFOPLIST_KEY_UILaunchScreen_Generation = YES;
				INFOPLIST_KEY_UISupportedInterfaceOrientations_iPad = "UIInterfaceOrientationPortrait UIInterfaceOrientationPortraitUpsideDown UIInterfaceOrientationLandscapeLeft UIInterfaceOrientationLandscapeRight";
				INFOPLIST_KEY_UISupportedInterfaceOrientations_iPhone = "UIInterfaceOrientationPortrait UIInterfaceOrientationLandscapeLeft UIInterfaceOrientationLandscapeRight";
				IPHONEOS_DEPLOYMENT_TARGET = 15.2;
				LD_RUNPATH_SEARCH_PATHS = (
					"$(inherited)",
					"@executable_path/Frameworks",
				);
				MARKETING_VERSION = 1.0;
				PRODUCT_BUNDLE_IDENTIFIER = redfine.OpenUpSwiftUi;
				PRODUCT_NAME = OpenUpSwiftUi;
				SDKROOT = iphoneos;
				SWIFT_EMIT_LOC_STRINGS = YES;
				SWIFT_VERSION = 5.0;
				TARGETED_DEVICE_FAMILY = "1,2";
			};
			name = Debug;
		};
		C0ADD71127D543A400F1B417 /* Release */ = {
			isa = XCBuildConfiguration;
			buildSettings = {
				ALWAYS_EMBED_SWIFT_STANDARD_LIBRARIES = YES;
				ASSETCATALOG_COMPILER_APPICON_NAME = AppIcon;
				ASSETCATALOG_COMPILER_GLOBAL_ACCENT_COLOR_NAME = AccentColor;
				CODE_SIGN_STYLE = Automatic;
				CURRENT_PROJECT_VERSION = 1;
				DEVELOPMENT_TEAM = D8PT79X2ZG;
				ENABLE_PREVIEWS = YES;
				GENERATE_INFOPLIST_FILE = YES;
				INFOPLIST_KEY_UIApplicationSceneManifest_Generation = YES;
				INFOPLIST_KEY_UIApplicationSupportsIndirectInputEvents = YES;
				INFOPLIST_KEY_UILaunchScreen_Generation = YES;
				INFOPLIST_KEY_UISupportedInterfaceOrientations_iPad = "UIInterfaceOrientationPortrait UIInterfaceOrientationPortraitUpsideDown UIInterfaceOrientationLandscapeLeft UIInterfaceOrientationLandscapeRight";
				INFOPLIST_KEY_UISupportedInterfaceOrientations_iPhone = "UIInterfaceOrientationPortrait UIInterfaceOrientationLandscapeLeft UIInterfaceOrientationLandscapeRight";
				IPHONEOS_DEPLOYMENT_TARGET = 15.2;
				LD_RUNPATH_SEARCH_PATHS = (
					"$(inherited)",
					"@executable_path/Frameworks",
				);
				MARKETING_VERSION = 1.0;
				PRODUCT_BUNDLE_IDENTIFIER = redfine.OpenUpSwiftUi;
				PRODUCT_NAME = OpenUpSwiftUi;
				SDKROOT = iphoneos;
				SWIFT_EMIT_LOC_STRINGS = YES;
				SWIFT_VERSION = 5.0;
				TARGETED_DEVICE_FAMILY = "1,2";
				VALIDATE_PRODUCT = YES;
			};
			name = Release;
		};
		C0ADD71327D543A400F1B417 /* Debug */ = {
			isa = XCBuildConfiguration;
			buildSettings = {
				ASSETCATALOG_COMPILER_APPICON_NAME = AppIcon;
				ASSETCATALOG_COMPILER_GLOBAL_ACCENT_COLOR_NAME = AccentColor;
				CODE_SIGN_ENTITLEMENTS = macOS/macOS.entitlements;
				CODE_SIGN_STYLE = Automatic;
				COMBINE_HIDPI_IMAGES = YES;
				CURRENT_PROJECT_VERSION = 1;
				DEVELOPMENT_TEAM = D8PT79X2ZG;
				ENABLE_HARDENED_RUNTIME = YES;
				ENABLE_PREVIEWS = YES;
				GENERATE_INFOPLIST_FILE = YES;
				INFOPLIST_KEY_NSHumanReadableCopyright = "";
				LD_RUNPATH_SEARCH_PATHS = (
					"$(inherited)",
					"@executable_path/../Frameworks",
				);
				MACOSX_DEPLOYMENT_TARGET = 12.1;
				MARKETING_VERSION = 1.0;
				PRODUCT_BUNDLE_IDENTIFIER = redfine.OpenUpSwiftUi;
				PRODUCT_NAME = OpenUpSwiftUi;
				SDKROOT = macosx;
				SWIFT_EMIT_LOC_STRINGS = YES;
				SWIFT_VERSION = 5.0;
			};
			name = Debug;
		};
		C0ADD71427D543A400F1B417 /* Release */ = {
			isa = XCBuildConfiguration;
			buildSettings = {
				ASSETCATALOG_COMPILER_APPICON_NAME = AppIcon;
				ASSETCATALOG_COMPILER_GLOBAL_ACCENT_COLOR_NAME = AccentColor;
				CODE_SIGN_ENTITLEMENTS = macOS/macOS.entitlements;
				CODE_SIGN_STYLE = Automatic;
				COMBINE_HIDPI_IMAGES = YES;
				CURRENT_PROJECT_VERSION = 1;
				DEVELOPMENT_TEAM = D8PT79X2ZG;
				ENABLE_HARDENED_RUNTIME = YES;
				ENABLE_PREVIEWS = YES;
				GENERATE_INFOPLIST_FILE = YES;
				INFOPLIST_KEY_NSHumanReadableCopyright = "";
				LD_RUNPATH_SEARCH_PATHS = (
					"$(inherited)",
					"@executable_path/../Frameworks",
				);
				MACOSX_DEPLOYMENT_TARGET = 12.1;
				MARKETING_VERSION = 1.0;
				PRODUCT_BUNDLE_IDENTIFIER = redfine.OpenUpSwiftUi;
				PRODUCT_NAME = OpenUpSwiftUi;
				SDKROOT = macosx;
				SWIFT_EMIT_LOC_STRINGS = YES;
				SWIFT_VERSION = 5.0;
			};
			name = Release;
		};
		C0ADD71627D543A400F1B417 /* Debug */ = {
			isa = XCBuildConfiguration;
			buildSettings = {
				ALWAYS_EMBED_SWIFT_STANDARD_LIBRARIES = YES;
				CODE_SIGN_STYLE = Automatic;
				CURRENT_PROJECT_VERSION = 1;
				DEVELOPMENT_TEAM = D8PT79X2ZG;
				GENERATE_INFOPLIST_FILE = YES;
				IPHONEOS_DEPLOYMENT_TARGET = 15.2;
				MARKETING_VERSION = 1.0;
				PRODUCT_BUNDLE_IDENTIFIER = "redfine.Tests-iOS";
				PRODUCT_NAME = "$(TARGET_NAME)";
				SDKROOT = iphoneos;
				SWIFT_EMIT_LOC_STRINGS = NO;
				SWIFT_VERSION = 5.0;
				TARGETED_DEVICE_FAMILY = "1,2";
				TEST_TARGET_NAME = "OpenUpSwiftUi (iOS)";
			};
			name = Debug;
		};
		C0ADD71727D543A400F1B417 /* Release */ = {
			isa = XCBuildConfiguration;
			buildSettings = {
				ALWAYS_EMBED_SWIFT_STANDARD_LIBRARIES = YES;
				CODE_SIGN_STYLE = Automatic;
				CURRENT_PROJECT_VERSION = 1;
				DEVELOPMENT_TEAM = D8PT79X2ZG;
				GENERATE_INFOPLIST_FILE = YES;
				IPHONEOS_DEPLOYMENT_TARGET = 15.2;
				MARKETING_VERSION = 1.0;
				PRODUCT_BUNDLE_IDENTIFIER = "redfine.Tests-iOS";
				PRODUCT_NAME = "$(TARGET_NAME)";
				SDKROOT = iphoneos;
				SWIFT_EMIT_LOC_STRINGS = NO;
				SWIFT_VERSION = 5.0;
				TARGETED_DEVICE_FAMILY = "1,2";
				TEST_TARGET_NAME = "OpenUpSwiftUi (iOS)";
				VALIDATE_PRODUCT = YES;
			};
			name = Release;
		};
		C0ADD71927D543A400F1B417 /* Debug */ = {
			isa = XCBuildConfiguration;
			buildSettings = {
				ALWAYS_EMBED_SWIFT_STANDARD_LIBRARIES = YES;
				CODE_SIGN_STYLE = Automatic;
				CURRENT_PROJECT_VERSION = 1;
				DEVELOPMENT_TEAM = D8PT79X2ZG;
				GENERATE_INFOPLIST_FILE = YES;
				MACOSX_DEPLOYMENT_TARGET = 12.1;
				MARKETING_VERSION = 1.0;
				PRODUCT_BUNDLE_IDENTIFIER = "redfine.Tests-macOS";
				PRODUCT_NAME = "$(TARGET_NAME)";
				SDKROOT = macosx;
				SWIFT_EMIT_LOC_STRINGS = NO;
				SWIFT_VERSION = 5.0;
				TEST_TARGET_NAME = "OpenUpSwiftUi (macOS)";
			};
			name = Debug;
		};
		C0ADD71A27D543A400F1B417 /* Release */ = {
			isa = XCBuildConfiguration;
			buildSettings = {
				ALWAYS_EMBED_SWIFT_STANDARD_LIBRARIES = YES;
				CODE_SIGN_STYLE = Automatic;
				CURRENT_PROJECT_VERSION = 1;
				DEVELOPMENT_TEAM = D8PT79X2ZG;
				GENERATE_INFOPLIST_FILE = YES;
				MACOSX_DEPLOYMENT_TARGET = 12.1;
				MARKETING_VERSION = 1.0;
				PRODUCT_BUNDLE_IDENTIFIER = "redfine.Tests-macOS";
				PRODUCT_NAME = "$(TARGET_NAME)";
				SDKROOT = macosx;
				SWIFT_EMIT_LOC_STRINGS = NO;
				SWIFT_VERSION = 5.0;
				TEST_TARGET_NAME = "OpenUpSwiftUi (macOS)";
			};
			name = Release;
		};
/* End XCBuildConfiguration section */

/* Begin XCConfigurationList section */
		1C6CE99D27E54376007556EC /* Build configuration list for PBXNativeTarget "OpenUp Keyboard" */ = {
			isa = XCConfigurationList;
			buildConfigurations = (
				1C6CE99B27E54376007556EC /* Debug */,
				1C6CE99C27E54376007556EC /* Release */,
			);
			defaultConfigurationIsVisible = 0;
			defaultConfigurationName = Release;
		};
		C0ADD6DD27D543A400F1B417 /* Build configuration list for PBXProject "OpenUpSwiftUi" */ = {
			isa = XCConfigurationList;
			buildConfigurations = (
				C0ADD70D27D543A400F1B417 /* Debug */,
				C0ADD70E27D543A400F1B417 /* Release */,
			);
			defaultConfigurationIsVisible = 0;
			defaultConfigurationName = Release;
		};
		C0ADD70F27D543A400F1B417 /* Build configuration list for PBXNativeTarget "OpenUpSwiftUi (iOS)" */ = {
			isa = XCConfigurationList;
			buildConfigurations = (
				C0ADD71027D543A400F1B417 /* Debug */,
				C0ADD71127D543A400F1B417 /* Release */,
			);
			defaultConfigurationIsVisible = 0;
			defaultConfigurationName = Release;
		};
		C0ADD71227D543A400F1B417 /* Build configuration list for PBXNativeTarget "OpenUpSwiftUi (macOS)" */ = {
			isa = XCConfigurationList;
			buildConfigurations = (
				C0ADD71327D543A400F1B417 /* Debug */,
				C0ADD71427D543A400F1B417 /* Release */,
			);
			defaultConfigurationIsVisible = 0;
			defaultConfigurationName = Release;
		};
		C0ADD71527D543A400F1B417 /* Build configuration list for PBXNativeTarget "Tests iOS" */ = {
			isa = XCConfigurationList;
			buildConfigurations = (
				C0ADD71627D543A400F1B417 /* Debug */,
				C0ADD71727D543A400F1B417 /* Release */,
			);
			defaultConfigurationIsVisible = 0;
			defaultConfigurationName = Release;
		};
		C0ADD71827D543A400F1B417 /* Build configuration list for PBXNativeTarget "Tests macOS" */ = {
			isa = XCConfigurationList;
			buildConfigurations = (
				C0ADD71927D543A400F1B417 /* Debug */,
				C0ADD71A27D543A400F1B417 /* Release */,
			);
			defaultConfigurationIsVisible = 0;
			defaultConfigurationName = Release;
		};
/* End XCConfigurationList section */

/* Begin XCRemoteSwiftPackageReference section */
		C0ADD72327D56F8500F1B417 /* XCRemoteSwiftPackageReference "lottie-ios" */ = {
			isa = XCRemoteSwiftPackageReference;
			repositoryURL = "https://github.com/airbnb/lottie-ios";
			requirement = {
				kind = upToNextMajorVersion;
				minimumVersion = 3.0.0;
			};
		};
/* End XCRemoteSwiftPackageReference section */
	};
	rootObject = C0ADD6DA27D543A400F1B417 /* Project object */;
}
